{
  "name": "msagent",
  "version": "0.1.0",
  "lockfileVersion": 3,
  "requires": true,
  "packages": {
    "": {
      "name": "msagent",
      "version": "0.1.0",
      "devDependencies": {
        "@types/node": "^20.0.0",
        "@types/vscode": "^1.85.0",
        "@vscode/test-electron": "^2.3.0",
        "typescript": "^5.3.0"
      },
      "engines": {
        "vscode": "^1.85.0"
      }
    },
    "node_modules/@types/node": {
      "version": "20.19.37",
      "dev": true,
      "license": "MIT",
      "dependencies": {
        "undici-types": "~6.21.0"
      }
    },
    "node_modules/@types/vscode": {
      "version": "1.110.0",
      "dev": true,
      "license": "MIT"
    },
    "node_modules/@vscode/test-electron": {
      "version": "2.5.2",
      "dev": true,
      "license": "MIT",
      "dependencies": {
        "http-proxy-agent": "^7.0.2",
        "https-proxy-agent": "^7.0.5",
        "jszip": "^3.10.1",
        "ora": "^8.1.0",
        "semver": "^7.6.2"
      },
      "engines": {
        "node": ">=16"
      }
    },
    "node_modules/agent-base": {
      "version": "7.1.4",
      "dev": true,
      "license": "MIT",
      "engines": {
        "node": ">= 14"
      }
    },
    "node_modules/ansi-regex": {
      "version": "6.2.2",
      "dev": true,
      "license": "MIT",
      "engines": {
        "node": ">=12"
      },
      "funding": {
        "url": "https://github.com/chalk/ansi-regex?sponsor=1"
      }
    },
    "node_modules/chalk": {
      "version": "5.6.2",
      "dev": true,
      "license": "MIT",
      "engines": {
        "node": "^12.17.0 || ^14.13 || >=16.0.0"
      },
      "funding": {
        "url": "https://github.com/chalk/chalk?sponsor=1"
      }
    },
    "node_modules/cli-cursor": {
      "version": "5.0.0",
      "dev": true,
      "license": "MIT",
      "dependencies": {
        "restore-cursor": "^5.0.0"
      },
      "engines": {
        "node": ">=18"
      },
      "funding": {
        "url": "https://github.com/sponsors/sindresorhus"
      }
    },
    "node_modules/cli-spinners": {
      "version": "2.9.2",
      "dev": true,
      "license": "MIT",
      "engines": {
        "node": ">=6"
      },
      "funding": {
        "url": "https://github.com/sponsors/sindresorhus"
      }
    },
    "node_modules/core-util-is": {
      "version": "1.0.3",
      "dev": true,
      "license": "MIT"
    },
    "node_modules/debug": {
      "version": "4.4.3",
      "dev": true,
      "license": "MIT",
      "dependencies": {
        "ms": "^2.1.3"
      },
      "engines": {
        "node": ">=6.0"
      },
      "peerDependenciesMeta": {
        "supports-color": {
          "optional": true
        }
      }
    },
    "node_modules/emoji-regex": {
      "version": "10.6.0",
      "dev": true,
      "license": "MIT"
    },
    "node_modules/get-east-asian-width": {
      "version": "1.5.0",
      "dev": true,
      "license": "MIT",
      "engines": {
        "node": ">=18"
      },
      "funding": {
        "url": "https://github.com/sponsors/sindresorhus"
      }
    },
    "node_modules/http-proxy-agent": {
      "version": "7.0.2",
      "dev": true,
      "license": "MIT",
      "dependencies": {
        "agent-base": "^7.1.0",
        "debug": "^4.3.4"
      },
      "engines": {
        "node": ">= 14"
      }
    },
    "node_modules/https-proxy-agent": {
      "version": "7.0.6",
      "dev": true,
      "license": "MIT",
      "dependencies": {
        "agent-base": "^7.1.2",
        "debug": "4"
      },
      "engines": {
        "node": ">= 14"
      }
    },
    "node_modules/immediate": {
      "version": "3.0.6",
      "dev": true,
      "license": "MIT"
    },
    "node_modules/inherits": {
      "version": "2.0.4",
      "dev": true,
      "license": "ISC"
    },
    "node_modules/is-interactive": {
      "version": "2.0.0",
      "dev": true,
      "license": "MIT",
      "engines": {
        "node": ">=12"
      },
      "funding": {
        "url": "https://github.com/sponsors/sindresorhus"
      }
    },
    "node_modules/is-unicode-supported": {
      "version": "2.1.0",
      "dev": true,
      "license": "MIT",
      "engines": {
        "node": ">=18"
      },
      "funding": {
        "url": "https://github.com/sponsors/sindresorhus"
      }
    },
    "node_modules/isarray": {
      "version": "1.0.0",
      "dev": true,
      "license": "MIT"
    },
    "node_modules/jszip": {
      "version": "3.10.1",
      "dev": true,
      "license": "(MIT OR GPL-3.0-or-later)",
      "dependencies": {
        "lie": "~3.3.0",
        "pako": "~1.0.2",
        "readable-stream": "~2.3.6",
        "setimmediate": "^1.0.5"
      }
    },
    "node_modules/lie": {
      "version": "3.3.0",
      "dev": true,
      "license": "MIT",
      "dependencies": {
        "immediate": "~3.0.5"
      }
    },
    "node_modules/log-symbols": {
      "version": "6.0.0",
      "dev": true,
      "license": "MIT",
      "dependencies": {
        "chalk": "^5.3.0",
        "is-unicode-supported": "^1.3.0"
      },
      "engines": {
        "node": ">=18"
      },
      "funding": {
        "url": "https://github.com/sponsors/sindresorhus"
      }
    },
    "node_modules/log-symbols/node_modules/is-unicode-supported": {
      "version": "1.3.0",
      "dev": true,
      "license": "MIT",
      "engines": {
        "node": ">=12"
      },
      "funding": {
        "url": "https://github.com/sponsors/sindresorhus"
      }
    },
    "node_modules/mimic-function": {
      "version": "5.0.1",
      "dev": true,
      "license": "MIT",
      "engines": {
        "node": ">=18"
      },
      "funding": {
        "url": "https://github.com/sponsors/sindresorhus"
      }
    },
    "node_modules/ms": {
      "version": "2.1.3",
      "dev": true,
      "license": "MIT"
    },
    "node_modules/onetime": {
      "version": "7.0.0",
      "dev": true,
      "license": "MIT",
      "dependencies": {
        "mimic-function": "^5.0.0"
      },
      "engines": {
        "node": ">=18"
      },
      "funding": {
        "url": "https://github.com/sponsors/sindresorhus"
      }
    },
    "node_modules/ora": {
      "version": "8.2.0",
      "dev": true,
      "license": "MIT",
      "dependencies": {
        "chalk": "^5.3.0",
        "cli-cursor": "^5.0.0",
        "cli-spinners": "^2.9.2",
        "is-interactive": "^2.0.0",
        "is-unicode-supported": "^2.0.0",
        "log-symbols": "^6.0.0",
        "stdin-discarder": "^0.2.2",
        "string-width": "^7.2.0",
        "strip-ansi": "^7.1.0"
      },
      "engines": {
        "node": ">=18"
      },
      "funding": {
        "url": "https://github.com/sponsors/sindresorhus"
      }
    },
    "node_modules/pako": {
      "version": "1.0.11",
      "dev": true,
      "license": "(MIT AND Zlib)"
    },
    "node_modules/process-nextick-args": {
      "version": "2.0.1",
      "dev": true,
      "license": "MIT"
    },
    "node_modules/readable-stream": {
      "version": "2.3.8",
      "dev": true,
      "license": "MIT",
      "dependencies": {
        "core-util-is": "~1.0.0",
        "inherits": "~2.0.3",
        "isarray": "~1.0.0",
        "process-nextick-args": "~2.0.0",
        "safe-buffer": "~5.1.1",
        "string_decoder": "~1.1.1",
        "util-deprecate": "~1.0.1"
      }
    },
    "node_modules/restore-cursor": {
      "version": "5.1.0",
      "dev": true,
      "license": "MIT",
      "dependencies": {
        "onetime": "^7.0.0",
        "signal-exit": "^4.1.0"
      },
      "engines": {
        "node": ">=18"
      },
      "funding": {
        "url": "https://github.com/sponsors/sindresorhus"
      }
    },
    "node_modules/safe-buffer": {
      "version": "5.1.2",
      "dev": true,
      "license": "MIT"
    },
    "node_modules/semver": {
      "version": "7.7.4",
      "dev": true,
      "license": "ISC",
      "bin": {
        "semver": "bin/semver.js"
      },
      "engines": {
        "node": ">=10"
      }
    },
    "node_modules/setimmediate": {
      "version": "1.0.5",
      "dev": true,
      "license": "MIT"
    },
    "node_modules/signal-exit": {
      "version": "4.1.0",
      "dev": true,
      "license": "ISC",
      "engines": {
        "node": ">=14"
      },
      "funding": {
        "url": "https://github.com/sponsors/isaacs"
      }
    },
    "node_modules/stdin-discarder": {
      "version": "0.2.2",
      "dev": true,
      "license": "MIT",
      "engines": {
        "node": ">=18"
      },
      "funding": {
        "url": "https://github.com/sponsors/sindresorhus"
      }
    },
    "node_modules/string_decoder": {
      "version": "1.1.1",
      "dev": true,
      "license": "MIT",
      "dependencies": {
        "safe-buffer": "~5.1.0"
      }
    },
    "node_modules/string-width": {
      "version": "7.2.0",
      "dev": true,
      "license": "MIT",
      "dependencies": {
        "emoji-regex": "^10.3.0",
        "get-east-asian-width": "^1.0.0",
        "strip-ansi": "^7.1.0"
      },
      "engines": {
        "node": ">=18"
      },
      "funding": {
        "url": "https://github.com/sponsors/sindresorhus"
      }
    },
    "node_modules/strip-ansi": {
      "version": "7.2.0",
      "dev": true,
      "license": "MIT",
      "dependencies": {
        "ansi-regex": "^6.2.2"
      },
      "engines": {
        "node": ">=12"
      },
      "funding": {
        "url": "https://github.com/chalk/strip-ansi?sponsor=1"
      }
    },
    "node_modules/typescript": {
      "version": "5.9.3",
      "dev": true,
      "license": "Apache-2.0",
      "bin": {
        "tsc": "bin/tsc",
        "tsserver": "bin/tsserver"
      },
      "engines": {
        "node": ">=14.17"
      }
    },
    "node_modules/undici-types": {
      "version": "6.21.0",
      "dev": true,
      "license": "MIT"
    },
    "node_modules/util-deprecate": {
      "version": "1.0.2",
      "dev": true,
      "license": "MIT"
    }
  }
}
